
Microsoft Visual Studio Solution File, Format Version 12.00
# Visual Studio Version 16
VisualStudioVersion = 16.0.28803.352
MinimumVisualStudioVersion = 10.0.40219.1
Project("{FAE04EC0-301F-11D3-BF4B-00C04F79EFBC}") = "SlutProjekt C-Sharp", "SlutProjekt C-Sharp\SlutProjekt C-Sharp.csproj", "{6C6DA90D-9CB4-4391-95BF-1091DD90DEA8}"
EndProject
Global
	GlobalSection(SolutionConfigurationPlatforms) = preSolution
		Debug|Any CPU = Debug|Any CPU
		Release|Any CPU = Release|Any CPU
	EndGlobalSection
	GlobalSection(ProjectConfigurationPlatforms) = postSolution
		{6C6DA90D-9CB4-4391-95BF-1091DD90DEA8}.Debug|Any CPU.ActiveCfg = Debug|Any CPU
		{6C6DA90D-9CB4-4391-95BF-1091DD90DEA8}.Debug|Any CPU.Build.0 = Debug|Any CPU
		{6C6DA90D-9CB4-4391-95BF-1091DD90DEA8}.Release|Any CPU.ActiveCfg = Release|Any CPU
		{6C6DA90D-9CB4-4391-95BF-1091DD90DEA8}.Release|Any CPU.Build.0 = Release|Any CPU
	EndGlobalSection
	GlobalSection(SolutionProperties) = preSolution
		HideSolutionNode = FALSE
	EndGlobalSection
	GlobalSection(ExtensibilityGlobals) = postSolution
		SolutionGuid = {4234A97B-3306-4245-8285-4DCB73E58FFD}
	EndGlobalSection
EndGlobal
